
Microsoft Visual Studio Solution File, Format Version 12.00
# Visual Studio Version 16
VisualStudioVersion = 16.0.31112.23
MinimumVisualStudioVersion = 10.0.40219.1
Project("{9A19103F-16F7-4668-BE54-9A1E7A4F7556}") = "RockPaperScissors", "RockPaperScissors\RockPaperScissors.csproj", "{1BACD711-97B4-4DD5-B698-9BCB593BC515}"
EndProject
Project("{FAE04EC0-301F-11D3-BF4B-00C04F79EFBC}") = "RockPaperScissors.Test", "RockPaperScissors.Test\RockPaperScissors.Test.csproj", "{05180170-8028-4A52-9312-33F2F3867FC2}"
EndProject
Global
	GlobalSection(SolutionConfigurationPlatforms) = preSolution
		Debug|Any CPU = Debug|Any CPU
		Release|Any CPU = Release|Any CPU
	EndGlobalSection
	GlobalSection(ProjectConfigurationPlatforms) = postSolution
		{1BACD711-97B4-4DD5-B698-9BCB593BC515}.Debug|Any CPU.ActiveCfg = Debug|Any CPU
		{1BACD711-97B4-4DD5-B698-9BCB593BC515}.Debug|Any CPU.Build.0 = Debug|Any CPU
		{1BACD711-97B4-4DD5-B698-9BCB593BC515}.Release|Any CPU.ActiveCfg = Release|Any CPU
		{1BACD711-97B4-4DD5-B698-9BCB593BC515}.Release|Any CPU.Build.0 = Release|Any CPU
		{05180170-8028-4A52-9312-33F2F3867FC2}.Debug|Any CPU.ActiveCfg = Debug|Any CPU
		{05180170-8028-4A52-9312-33F2F3867FC2}.Debug|Any CPU.Build.0 = Debug|Any CPU
		{05180170-8028-4A52-9312-33F2F3867FC2}.Release|Any CPU.ActiveCfg = Release|Any CPU
		{05180170-8028-4A52-9312-33F2F3867FC2}.Release|Any CPU.Build.0 = Release|Any CPU
	EndGlobalSection
	GlobalSection(SolutionProperties) = preSolution
		HideSolutionNode = FALSE
	EndGlobalSection
	GlobalSection(ExtensibilityGlobals) = postSolution
		SolutionGuid = {1C63BBC6-B168-47C4-B18A-E528E6478D8E}
	EndGlobalSection
EndGlobal
